
Microsoft Visual Studio Solution File, Format Version 12.00
# Visual Studio Version 17
VisualStudioVersion = 17.0.31903.59
MinimumVisualStudioVersion = 10.0.40219.1
Project("{FAE04EC0-301F-11D3-BF4B-00C04F79EFBC}") = "oms-web", "oms-web\oms-web.csproj", "{58A2472D-A836-40BE-A9E3-01FE87A82FAD}"
EndProject
Project("{FAE04EC0-301F-11D3-BF4B-00C04F79EFBC}") = "oms-core", "oms-core\oms-core.csproj", "{A324EDEC-BB28-4048-9B5E-C3876C3E9F72}"
EndProject
Global
	GlobalSection(SolutionConfigurationPlatforms) = preSolution
		Debug|Any CPU = Debug|Any CPU
		Release|Any CPU = Release|Any CPU
	EndGlobalSection
	GlobalSection(SolutionProperties) = preSolution
		HideSolutionNode = FALSE
	EndGlobalSection
	GlobalSection(ProjectConfigurationPlatforms) = postSolution
		{58A2472D-A836-40BE-A9E3-01FE87A82FAD}.Debug|Any CPU.ActiveCfg = Debug|Any CPU
		{58A2472D-A836-40BE-A9E3-01FE87A82FAD}.Debug|Any CPU.Build.0 = Debug|Any CPU
		{58A2472D-A836-40BE-A9E3-01FE87A82FAD}.Release|Any CPU.ActiveCfg = Release|Any CPU
		{58A2472D-A836-40BE-A9E3-01FE87A82FAD}.Release|Any CPU.Build.0 = Release|Any CPU
		{A324EDEC-BB28-4048-9B5E-C3876C3E9F72}.Debug|Any CPU.ActiveCfg = Debug|Any CPU
		{A324EDEC-BB28-4048-9B5E-C3876C3E9F72}.Debug|Any CPU.Build.0 = Debug|Any CPU
		{A324EDEC-BB28-4048-9B5E-C3876C3E9F72}.Release|Any CPU.ActiveCfg = Release|Any CPU
		{A324EDEC-BB28-4048-9B5E-C3876C3E9F72}.Release|Any CPU.Build.0 = Release|Any CPU
	EndGlobalSection
EndGlobal
